
Microsoft Visual Studio Solution File, Format Version 12.00
Project("{FAE04EC0-301F-11D3-BF4B-00C04F79EFBC}") = "SberCrudOps.WebApi", "SberCrudOps.WebApi\SberCrudOps.WebApi.csproj", "{EF2133F1-ABFD-4E6D-8FCA-3E0AEC47A52E}"
EndProject
Project("{2150E333-8FDC-42A3-9474-1A3956D46DE8}") = "src", "src", "{5069EFE5-5E2A-4705-BE88-499C13AD02CD}"
EndProject
Project("{FAE04EC0-301F-11D3-BF4B-00C04F79EFBC}") = "SberCrudOps.Domain", "SberCrudOps.Domain\SberCrudOps.Domain.csproj", "{3857D05B-5F73-40BC-B90F-0B93D921B71A}"
EndProject
Project("{FAE04EC0-301F-11D3-BF4B-00C04F79EFBC}") = "SberCrudOps.Application", "SberCrudOps.Application\SberCrudOps.Application.csproj", "{E7104BE2-C056-4470-9190-2E3670D1BDBE}"
EndProject
Project("{FAE04EC0-301F-11D3-BF4B-00C04F79EFBC}") = "SberCrudOps.Infrastructure", "SberCrudOps.Infrastructure\SberCrudOps.Infrastructure.csproj", "{B0876833-D28C-42CA-B9C9-881E6EDB763F}"
EndProject
Project("{2150E333-8FDC-42A3-9474-1A3956D46DE8}") = "Shared", "Shared", "{341E8461-92AB-4D8C-BE16-BB81B8300BAA}"
EndProject
Project("{FAE04EC0-301F-11D3-BF4B-00C04F79EFBC}") = "SberCrudOps.Shared.Abstractions", "SberCrudOps.Shared.Abstractions\SberCrudOps.Shared.Abstractions.csproj", "{EF74DB38-8E92-4C54-AEB7-ACD93CB2B4E2}"
EndProject
Project("{FAE04EC0-301F-11D3-BF4B-00C04F79EFBC}") = "SberCrudOps.Shared", "SberCrudOps.Shared\SberCrudOps.Shared.csproj", "{8A28BE21-1EFE-4391-8118-4BA4D7D3C63F}"
EndProject
Global
	GlobalSection(SolutionConfigurationPlatforms) = preSolution
		Debug|Any CPU = Debug|Any CPU
		Release|Any CPU = Release|Any CPU
	EndGlobalSection
	GlobalSection(ProjectConfigurationPlatforms) = postSolution
		{EF2133F1-ABFD-4E6D-8FCA-3E0AEC47A52E}.Debug|Any CPU.ActiveCfg = Debug|Any CPU
		{EF2133F1-ABFD-4E6D-8FCA-3E0AEC47A52E}.Debug|Any CPU.Build.0 = Debug|Any CPU
		{EF2133F1-ABFD-4E6D-8FCA-3E0AEC47A52E}.Release|Any CPU.ActiveCfg = Release|Any CPU
		{EF2133F1-ABFD-4E6D-8FCA-3E0AEC47A52E}.Release|Any CPU.Build.0 = Release|Any CPU
		{3857D05B-5F73-40BC-B90F-0B93D921B71A}.Debug|Any CPU.ActiveCfg = Debug|Any CPU
		{3857D05B-5F73-40BC-B90F-0B93D921B71A}.Debug|Any CPU.Build.0 = Debug|Any CPU
		{3857D05B-5F73-40BC-B90F-0B93D921B71A}.Release|Any CPU.ActiveCfg = Release|Any CPU
		{3857D05B-5F73-40BC-B90F-0B93D921B71A}.Release|Any CPU.Build.0 = Release|Any CPU
		{E7104BE2-C056-4470-9190-2E3670D1BDBE}.Debug|Any CPU.ActiveCfg = Debug|Any CPU
		{E7104BE2-C056-4470-9190-2E3670D1BDBE}.Debug|Any CPU.Build.0 = Debug|Any CPU
		{E7104BE2-C056-4470-9190-2E3670D1BDBE}.Release|Any CPU.ActiveCfg = Release|Any CPU
		{E7104BE2-C056-4470-9190-2E3670D1BDBE}.Release|Any CPU.Build.0 = Release|Any CPU
		{B0876833-D28C-42CA-B9C9-881E6EDB763F}.Debug|Any CPU.ActiveCfg = Debug|Any CPU
		{B0876833-D28C-42CA-B9C9-881E6EDB763F}.Debug|Any CPU.Build.0 = Debug|Any CPU
		{B0876833-D28C-42CA-B9C9-881E6EDB763F}.Release|Any CPU.ActiveCfg = Release|Any CPU
		{B0876833-D28C-42CA-B9C9-881E6EDB763F}.Release|Any CPU.Build.0 = Release|Any CPU
		{EF74DB38-8E92-4C54-AEB7-ACD93CB2B4E2}.Debug|Any CPU.ActiveCfg = Debug|Any CPU
		{EF74DB38-8E92-4C54-AEB7-ACD93CB2B4E2}.Debug|Any CPU.Build.0 = Debug|Any CPU
		{EF74DB38-8E92-4C54-AEB7-ACD93CB2B4E2}.Release|Any CPU.ActiveCfg = Release|Any CPU
		{EF74DB38-8E92-4C54-AEB7-ACD93CB2B4E2}.Release|Any CPU.Build.0 = Release|Any CPU
		{8A28BE21-1EFE-4391-8118-4BA4D7D3C63F}.Debug|Any CPU.ActiveCfg = Debug|Any CPU
		{8A28BE21-1EFE-4391-8118-4BA4D7D3C63F}.Debug|Any CPU.Build.0 = Debug|Any CPU
		{8A28BE21-1EFE-4391-8118-4BA4D7D3C63F}.Release|Any CPU.ActiveCfg = Release|Any CPU
		{8A28BE21-1EFE-4391-8118-4BA4D7D3C63F}.Release|Any CPU.Build.0 = Release|Any CPU
	EndGlobalSection
	GlobalSection(NestedProjects) = preSolution
		{EF2133F1-ABFD-4E6D-8FCA-3E0AEC47A52E} = {5069EFE5-5E2A-4705-BE88-499C13AD02CD}
		{3857D05B-5F73-40BC-B90F-0B93D921B71A} = {5069EFE5-5E2A-4705-BE88-499C13AD02CD}
		{E7104BE2-C056-4470-9190-2E3670D1BDBE} = {5069EFE5-5E2A-4705-BE88-499C13AD02CD}
		{B0876833-D28C-42CA-B9C9-881E6EDB763F} = {5069EFE5-5E2A-4705-BE88-499C13AD02CD}
		{341E8461-92AB-4D8C-BE16-BB81B8300BAA} = {5069EFE5-5E2A-4705-BE88-499C13AD02CD}
		{EF74DB38-8E92-4C54-AEB7-ACD93CB2B4E2} = {341E8461-92AB-4D8C-BE16-BB81B8300BAA}
		{8A28BE21-1EFE-4391-8118-4BA4D7D3C63F} = {341E8461-92AB-4D8C-BE16-BB81B8300BAA}
	EndGlobalSection
EndGlobal
